{
  "nodes": {
    "context": {
      "flake": false,
      "locked": {
        "lastModified": 1789029318,
        "narHash": "sha256-1JzvOEFRrfOONgja4afLQsONcE0qAlKEPKoCsrvOqBU=",
        "owner": "contextgarden",
        "repo": "context",
        "rev": "3b889cc54202bd8d0bceab31ce84809ceb18b644",
        "type": "github"
      },
      "original": {
        "owner": "contextgarden",
        "repo": "context",
        "type": "github"
      }
    },
    "context-fonts": {
      "flake": false,
      "locked": {
        "lastModified": 1789327306,
        "narHash": "sha256-FGzorZK0Rksn/0+UFQKdmE58DhwSXRF/M7gU24oz34U=",
        "owner": "contextgarden",
        "repo": "context-distribution-fonts",
        "rev": "d53e81148228456afdca9d264f3f09d9c53366bd",
        "type": "github"
      },
      "original": {
        "owner": "contextgarden",
        "repo": "context-distribution-fonts",
        "type": "github"
      }
    },
    "context-modules": {
      "flake": false,
      "locked": {
        "lastModified": 1694305573,
        "narHash": "sha256-sXU2VfkuS90ze4v+gcjN4t4IHq/lFFsmPNghBSvC7XI=",
        "owner": "usertam",
        "repo": "context-minimals",
        "rev": "b5a93e3360a005183a01373ffaaf2d0b90cc91fb",
        "type": "github"
      },
      "original": {
        "owner": "usertam",
        "ref": "mirror/modules",
        "repo": "context-minimals",
        "type": "github"
      }
    },
    "luatex": {
      "flake": false,
      "locked": {
        "lastModified": 1789065234,
        "narHash": "sha256-FuFmrqmGz7/Ptx5w1LlYyXPpw20pSgcfdE2yFxsmgDc=",
        "ref": "refs/heads/master",
        "rev": "728109f4cb36e7a91ce58b3afbb3bd007c0a9b45",
        "revCount": 6677,
        "type": "git",
        "url": "https://gitlab.lisn.upsaclay.fr/texlive/luatex.git"
      },
      "original": {
        "type": "git",
        "url": "https://gitlab.lisn.upsaclay.fr/texlive/luatex.git"
      }
    },
    "nixpkgs": {
      "locked": {
        "lastModified": 1789370336,
        "narHash": "sha256-obwZbWHP7htCIoq2Z0g/uTMcEgN6yqcMNIcOMe6P2qI=",
        "rev": "c7def046b9a883d46974757852106483d741586f",
        "type": "tarball",
        "url": "https://releases.nixos.org/nixpkgs/nixpkgs-26.11pre1073483.c7def046b9a8/nixexprs.tar.zst"
      },
      "original": {
        "id": "nixpkgs",
        "ref": "nixpkgs-unstable",
        "type": "indirect"
      }
    },
    "root": {
      "inputs": {
        "context": "context",
        "context-fonts": "context-fonts",
        "context-modules": "context-modules",
        "luatex": "luatex",
        "nixpkgs": "nixpkgs",
        "systems": "systems"
      }
    },
    "systems": {
      "flake": false,
      "locked": {
        "lastModified": 1681028828,
        "narHash": "sha256-Vy1rq5AaRuLzOxct8nz4T6wlgyUR7zLU309k9mBC768=",
        "owner": "nix-systems",
        "repo": "default",
        "rev": "da67096a3b9bf56a91d16901293e51ba5b49a27e",
        "type": "github"
      },
      "original": {
        "id": "systems",
        "type": "indirect"
      }
    }
  },
  "root": "root",
  "version": 7
}
